
Microsoft Visual Studio Solution File, Format Version 12.00
# Visual Studio Version 17
VisualStudioVersion = 17.10.35013.160
MinimumVisualStudioVersion = 10.0.40219.1
Project("{FAE04EC0-301F-11D3-BF4B-00C04F79EFBC}") = "AddressBook", "AddressBook\AddressBook.csproj", "{83FBF49C-07BD-4F3B-80D8-7506422FF1CB}"
EndProject
Global
	GlobalSection(SolutionConfigurationPlatforms) = preSolution
		Debug|Any CPU = Debug|Any CPU
		Release|Any CPU = Release|Any CPU
	EndGlobalSection
	GlobalSection(ProjectConfigurationPlatforms) = postSolution
		{83FBF49C-07BD-4F3B-80D8-7506422FF1CB}.Debug|Any CPU.ActiveCfg = Debug|Any CPU
		{83FBF49C-07BD-4F3B-80D8-7506422FF1CB}.Debug|Any CPU.Build.0 = Debug|Any CPU
		{83FBF49C-07BD-4F3B-80D8-7506422FF1CB}.Release|Any CPU.ActiveCfg = Release|Any CPU
		{83FBF49C-07BD-4F3B-80D8-7506422FF1CB}.Release|Any CPU.Build.0 = Release|Any CPU
	EndGlobalSection
	GlobalSection(SolutionProperties) = preSolution
		HideSolutionNode = FALSE
	EndGlobalSection
	GlobalSection(ExtensibilityGlobals) = postSolution
		SolutionGuid = {C6663080-C280-408A-AD5D-3A1435981972}
	EndGlobalSection
EndGlobal
