
Microsoft Visual Studio Solution File, Format Version 12.00
# Visual Studio Version 17
VisualStudioVersion = 17.10.35013.160
MinimumVisualStudioVersion = 10.0.40219.1
Project("{FAE04EC0-301F-11D3-BF4B-00C04F79EFBC}") = "DrawingApp", "DrawingApp\DrawingApp.csproj", "{08EE8A1B-3983-43C3-B4BD-36944FF61CC1}"
EndProject
Global
	GlobalSection(SolutionConfigurationPlatforms) = preSolution
		Debug|Any CPU = Debug|Any CPU
		Release|Any CPU = Release|Any CPU
	EndGlobalSection
	GlobalSection(ProjectConfigurationPlatforms) = postSolution
		{08EE8A1B-3983-43C3-B4BD-36944FF61CC1}.Debug|Any CPU.ActiveCfg = Debug|Any CPU
		{08EE8A1B-3983-43C3-B4BD-36944FF61CC1}.Debug|Any CPU.Build.0 = Debug|Any CPU
		{08EE8A1B-3983-43C3-B4BD-36944FF61CC1}.Release|Any CPU.ActiveCfg = Release|Any CPU
		{08EE8A1B-3983-43C3-B4BD-36944FF61CC1}.Release|Any CPU.Build.0 = Release|Any CPU
	EndGlobalSection
	GlobalSection(SolutionProperties) = preSolution
		HideSolutionNode = FALSE
	EndGlobalSection
	GlobalSection(ExtensibilityGlobals) = postSolution
		SolutionGuid = {EC0381AA-B639-4AD4-840E-E93A0395DD95}
	EndGlobalSection
EndGlobal
